
Microsoft Visual Studio Solution File, Format Version 12.00
# Visual Studio Version 17
VisualStudioVersion = 17.2.32602.215
MinimumVisualStudioVersion = 10.0.40219.1
Project("{FAE04EC0-301F-11D3-BF4B-00C04F79EFBC}") = "TestHighSchool", "TestHighSchool.csproj", "{7459A63A-3719-4042-BF3C-7205660E6BC9}"
EndProject
Global
	GlobalSection(SolutionConfigurationPlatforms) = preSolution
		Debug|Any CPU = Debug|Any CPU
		Release|Any CPU = Release|Any CPU
	EndGlobalSection
	GlobalSection(ProjectConfigurationPlatforms) = postSolution
		{7459A63A-3719-4042-BF3C-7205660E6BC9}.Debug|Any CPU.ActiveCfg = Debug|Any CPU
		{7459A63A-3719-4042-BF3C-7205660E6BC9}.Debug|Any CPU.Build.0 = Debug|Any CPU
		{7459A63A-3719-4042-BF3C-7205660E6BC9}.Release|Any CPU.ActiveCfg = Release|Any CPU
		{7459A63A-3719-4042-BF3C-7205660E6BC9}.Release|Any CPU.Build.0 = Release|Any CPU
	EndGlobalSection
	GlobalSection(SolutionProperties) = preSolution
		HideSolutionNode = FALSE
	EndGlobalSection
	GlobalSection(ExtensibilityGlobals) = postSolution
		SolutionGuid = {2AD96B03-D7BE-411E-80A3-C8DC8396C6C0}
	EndGlobalSection
EndGlobal
